
Microsoft Visual Studio Solution File, Format Version 12.00
# Visual Studio 2013
VisualStudioVersion = 12.0.31101.0
MinimumVisualStudioVersion = 10.0.40219.1
Project("{FAE04EC0-301F-11D3-BF4B-00C04F79EFBC}") = "Host.Wpf", "Host.Wpf\Host.Wpf.csproj", "{BFE75DBF-5A3D-4388-A6E2-3D7B4151337F}"
EndProject
Global
	GlobalSection(SolutionConfigurationPlatforms) = preSolution
		Debug|Any CPU = Debug|Any CPU
		Release|Any CPU = Release|Any CPU
	EndGlobalSection
	GlobalSection(ProjectConfigurationPlatforms) = postSolution
		{BFE75DBF-5A3D-4388-A6E2-3D7B4151337F}.Debug|Any CPU.ActiveCfg = Debug|Any CPU
		{BFE75DBF-5A3D-4388-A6E2-3D7B4151337F}.Debug|Any CPU.Build.0 = Debug|Any CPU
		{BFE75DBF-5A3D-4388-A6E2-3D7B4151337F}.Release|Any CPU.ActiveCfg = Release|Any CPU
		{BFE75DBF-5A3D-4388-A6E2-3D7B4151337F}.Release|Any CPU.Build.0 = Release|Any CPU
	EndGlobalSection
	GlobalSection(SolutionProperties) = preSolution
		HideSolutionNode = FALSE
	EndGlobalSection
EndGlobal
